// !$*UTF8*$!
{
	archiveVersion = 1;
	classes = {
	};
	objectVersion = 48;
	objects = {

/* Begin PBXBuildFile section */
		3A870CEB1F7A012900D6DA30 /* tmatrix.cpp in Sources */ = {isa = PBXBuildFile; fileRef = 3A870CDF1F7A012700D6DA30 /* tmatrix.cpp */; };
		3A870CEC1F7A012900D6DA30 /* learnply.cpp in Sources */ = {isa = PBXBuildFile; fileRef = 3A870CE01F7A012800D6DA30 /* learnply.cpp */; };
		3A870CED1F7A012900D6DA30 /* ply.cpp in Sources */ = {isa = PBXBuildFile; fileRef = 3A870CE61F7A012800D6DA30 /* ply.cpp */; };
		3A870CEE1F7A012900D6DA30 /* trackball.cpp in Sources */ = {isa = PBXBuildFile; fileRef = 3A870CE81F7A012800D6DA30 /* trackball.cpp */; };
		3A870CEF1F7A012900D6DA30 /* icVector.cpp in Sources */ = {isa = PBXBuildFile; fileRef = 3A870CEA1F7A012900D6DA30 /* icVector.cpp */; };
		3A870CF21F7A026000D6DA30 /* GLUT.framework in Frameworks */ = {isa = PBXBuildFile; fileRef = 3A870CF11F7A026000D6DA30 /* GLUT.framework */; };
		3A870CF41F7A02C200D6DA30 /* OpenGL.framework in Frameworks */ = {isa = PBXBuildFile; fileRef = 3A870CF31F7A02C200D6DA30 /* OpenGL.framework */; };
/* End PBXBuildFile section */

/* Begin PBXCopyFilesBuildPhase section */
		3A870CD31F7A010000D6DA30 /* CopyFiles */ = {
			isa = PBXCopyFilesBuildPhase;
			buildActionMask = 2147483647;
			dstPath = /usr/share/man/man1/;
			dstSubfolderSpec = 0;
			files = (
			);
			runOnlyForDeploymentPostprocessing = 1;
		};
/* End PBXCopyFilesBuildPhase section */

/* Begin PBXFileReference section */
		3A870CD51F7A010000D6DA30 /* CS554 Project 1 */ = {isa = PBXFileReference; explicitFileType = "compiled.mach-o.executable"; includeInIndex = 0; path = "CS554 Project 1"; sourceTree = BUILT_PRODUCTS_DIR; };
		3A870CDF1F7A012700D6DA30 /* tmatrix.cpp */ = {isa = PBXFileReference; lastKnownFileType = sourcecode.cpp.cpp; path = tmatrix.cpp; sourceTree = "<group>"; };
		3A870CE01F7A012800D6DA30 /* learnply.cpp */ = {isa = PBXFileReference; lastKnownFileType = sourcecode.cpp.cpp; path = learnply.cpp; sourceTree = "<group>"; };
		3A870CE11F7A012800D6DA30 /* trackball.h */ = {isa = PBXFileReference; lastKnownFileType = sourcecode.c.h; path = trackball.h; sourceTree = "<group>"; };
		3A870CE21F7A012800D6DA30 /* tmatrix.h */ = {isa = PBXFileReference; lastKnownFileType = sourcecode.c.h; path = tmatrix.h; sourceTree = "<group>"; };
		3A870CE31F7A012800D6DA30 /* icVector.H */ = {isa = PBXFileReference; lastKnownFileType = sourcecode.cpp.h; path = icVector.H; sourceTree = "<group>"; };
		3A870CE41F7A012800D6DA30 /* learnply_io.h */ = {isa = PBXFileReference; lastKnownFileType = sourcecode.c.h; path = learnply_io.h; sourceTree = "<group>"; };
		3A870CE51F7A012800D6DA30 /* learnply.h */ = {isa = PBXFileReference; lastKnownFileType = sourcecode.c.h; path = learnply.h; sourceTree = "<group>"; };
		3A870CE61F7A012800D6DA30 /* ply.cpp */ = {isa = PBXFileReference; lastKnownFileType = sourcecode.cpp.cpp; path = ply.cpp; sourceTree = "<group>"; };
		3A870CE71F7A012800D6DA30 /* ply.h */ = {isa = PBXFileReference; lastKnownFileType = sourcecode.c.h; path = ply.h; sourceTree = "<group>"; };
		3A870CE81F7A012800D6DA30 /* trackball.cpp */ = {isa = PBXFileReference; lastKnownFileType = sourcecode.cpp.cpp; path = trackball.cpp; sourceTree = "<group>"; };
		3A870CE91F7A012800D6DA30 /* icMatrix.H */ = {isa = PBXFileReference; lastKnownFileType = sourcecode.cpp.h; path = icMatrix.H; sourceTree = "<group>"; };
		3A870CEA1F7A012900D6DA30 /* icVector.cpp */ = {isa = PBXFileReference; lastKnownFileType = sourcecode.cpp.cpp; path = icVector.cpp; sourceTree = "<group>"; };
		3A870CF11F7A026000D6DA30 /* GLUT.framework */ = {isa = PBXFileReference; lastKnownFileType = wrapper.framework; name = GLUT.framework; path = System/Library/Frameworks/GLUT.framework; sourceTree = SDKROOT; };
		3A870CF31F7A02C200D6DA30 /* OpenGL.framework */ = {isa = PBXFileReference; lastKnownFileType = wrapper.framework; name = OpenGL.framework; path = System/Library/Frameworks/OpenGL.framework; sourceTree = SDKROOT; };
/* End PBXFileReference section */

/* Begin PBXFrameworksBuildPhase section */
		3A870CD21F7A010000D6DA30 /* Frameworks */ = {
			isa = PBXFrameworksBuildPhase;
			buildActionMask = 2147483647;
			files = (
				3A870CF41F7A02C200D6DA30 /* OpenGL.framework in Frameworks */,
				3A870CF21F7A026000D6DA30 /* GLUT.framework in Frameworks */,
			);
			runOnlyForDeploymentPostprocessing = 0;
		};
/* End PBXFrameworksBuildPhase section */

/* Begin PBXGroup section */
		3A870CCC1F7A010000D6DA30 = {
			isa = PBXGroup;
			children = (
				3A870CD71F7A010000D6DA30 /* CS554 Project 1 */,
				3A870CD61F7A010000D6DA30 /* Products */,
				3A870CF01F7A026000D6DA30 /* Frameworks */,
			);
			sourceTree = "<group>";
		};
		3A870CD61F7A010000D6DA30 /* Products */ = {
			isa = PBXGroup;
			children = (
				3A870CD51F7A010000D6DA30 /* CS554 Project 1 */,
			);
			name = Products;
			sourceTree = "<group>";
		};
		3A870CD71F7A010000D6DA30 /* CS554 Project 1 */ = {
			isa = PBXGroup;
			children = (
				3A870CE91F7A012800D6DA30 /* icMatrix.H */,
				3A870CEA1F7A012900D6DA30 /* icVector.cpp */,
				3A870CE31F7A012800D6DA30 /* icVector.H */,
				3A870CE41F7A012800D6DA30 /* learnply_io.h */,
				3A870CE01F7A012800D6DA30 /* learnply.cpp */,
				3A870CE51F7A012800D6DA30 /* learnply.h */,
				3A870CE61F7A012800D6DA30 /* ply.cpp */,
				3A870CE71F7A012800D6DA30 /* ply.h */,
				3A870CDF1F7A012700D6DA30 /* tmatrix.cpp */,
				3A870CE21F7A012800D6DA30 /* tmatrix.h */,
				3A870CE81F7A012800D6DA30 /* trackball.cpp */,
				3A870CE11F7A012800D6DA30 /* trackball.h */,
			);
			path = "CS554 Project 1";
			sourceTree = "<group>";
		};
		3A870CF01F7A026000D6DA30 /* Frameworks */ = {
			isa = PBXGroup;
			children = (
				3A870CF31F7A02C200D6DA30 /* OpenGL.framework */,
				3A870CF11F7A026000D6DA30 /* GLUT.framework */,
			);
			name = Frameworks;
			sourceTree = "<group>";
		};
/* End PBXGroup section */

/* Begin PBXNativeTarget section */
		3A870CD41F7A010000D6DA30 /* CS554 Project 1 */ = {
			isa = PBXNativeTarget;
			buildConfigurationList = 3A870CDC1F7A010000D6DA30 /* Build configuration list for PBXNativeTarget "CS554 Project 1" */;
			buildPhases = (
				3A870CD11F7A010000D6DA30 /* Sources */,
				3A870CD21F7A010000D6DA30 /* Frameworks */,
				3A870CD31F7A010000D6DA30 /* CopyFiles */,
			);
			buildRules = (
			);
			dependencies = (
			);
			name = "CS554 Project 1";
			productName = "CS554 Project 1";
			productReference = 3A870CD51F7A010000D6DA30 /* CS554 Project 1 */;
			productType = "com.apple.product-type.tool";
		};
/* End PBXNativeTarget section */

/* Begin PBXProject section */
		3A870CCD1F7A010000D6DA30 /* Project object */ = {
			isa = PBXProject;
			attributes = {
				LastUpgradeCheck = 0900;
				ORGANIZATIONNAME = "David Greiner";
				TargetAttributes = {
					3A870CD41F7A010000D6DA30 = {
						CreatedOnToolsVersion = 9.0;
						ProvisioningStyle = Automatic;
					};
				};
			};
			buildConfigurationList = 3A870CD01F7A010000D6DA30 /* Build configuration list for PBXProject "CS554 Project 1" */;
			compatibilityVersion = "Xcode 8.0";
			developmentRegion = en;
			hasScannedForEncodings = 0;
			knownRegions = (
				en,
			);
			mainGroup = 3A870CCC1F7A010000D6DA30;
			productRefGroup = 3A870CD61F7A010000D6DA30 /* Products */;
			projectDirPath = "";
			projectRoot = "";
			targets = (
				3A870CD41F7A010000D6DA30 /* CS554 Project 1 */,
			);
		};
/* End PBXProject section */

/* Begin PBXSourcesBuildPhase section */
		3A870CD11F7A010000D6DA30 /* Sources */ = {
			isa = PBXSourcesBuildPhase;
			buildActionMask = 2147483647;
			files = (
				3A870CED1F7A012900D6DA30 /* ply.cpp in Sources */,
				3A870CEF1F7A012900D6DA30 /* icVector.cpp in Sources */,
				3A870CEB1F7A012900D6DA30 /* tmatrix.cpp in Sources */,
				3A870CEE1F7A012900D6DA30 /* trackball.cpp in Sources */,
				3A870CEC1F7A012900D6DA30 /* learnply.cpp in Sources */,
			);
			runOnlyForDeploymentPostprocessing = 0;
		};
/* End PBXSourcesBuildPhase section */

/* Begin XCBuildConfiguration section */
		3A870CDA1F7A010000D6DA30 /* Debug */ = {
			isa = XCBuildConfiguration;
			buildSettings = {
				ALWAYS_SEARCH_USER_PATHS = NO;
				CLANG_ANALYZER_NONNULL = YES;
				CLANG_ANALYZER_NUMBER_OBJECT_CONVERSION = YES_AGGRESSIVE;
				CLANG_CXX_LANGUAGE_STANDARD = "gnu++14";
				CLANG_CXX_LIBRARY = "libc++";
				CLANG_ENABLE_MODULES = YES;
				CLANG_ENABLE_OBJC_ARC = YES;
				CLANG_WARN_BLOCK_CAPTURE_AUTORELEASING = YES;
				CLANG_WARN_BOOL_CONVERSION = YES;
				CLANG_WARN_COMMA = YES;
				CLANG_WARN_CONSTANT_CONVERSION = YES;
				CLANG_WARN_DIRECT_OBJC_ISA_USAGE = YES_ERROR;
				CLANG_WARN_DOCUMENTATION_COMMENTS = YES;
				CLANG_WARN_EMPTY_BODY = YES;
				CLANG_WARN_ENUM_CONVERSION = YES;
				CLANG_WARN_INFINITE_RECURSION = YES;
				CLANG_WARN_INT_CONVERSION = YES;
				CLANG_WARN_NON_LITERAL_NULL_CONVERSION = YES;
				CLANG_WARN_OBJC_LITERAL_CONVERSION = YES;
				CLANG_WARN_OBJC_ROOT_CLASS = YES_ERROR;
				CLANG_WARN_RANGE_LOOP_ANALYSIS = YES;
				CLANG_WARN_STRICT_PROTOTYPES = YES;
				CLANG_WARN_SUSPICIOUS_MOVE = YES;
				CLANG_WARN_UNGUARDED_AVAILABILITY = YES_AGGRESSIVE;
				CLANG_WARN_UNREACHABLE_CODE = YES;
				CLANG_WARN__DUPLICATE_METHOD_MATCH = YES;
				CODE_SIGN_IDENTITY = "-";
				COPY_PHASE_STRIP = NO;
				DEBUG_INFORMATION_FORMAT = dwarf;
				ENABLE_STRICT_OBJC_MSGSEND = YES;
				ENABLE_TESTABILITY = YES;
				GCC_C_LANGUAGE_STANDARD = gnu11;
				GCC_DYNAMIC_NO_PIC = NO;
				GCC_NO_COMMON_BLOCKS = YES;
				GCC_OPTIMIZATION_LEVEL = 0;
				GCC_PREPROCESSOR_DEFINITIONS = (
					"DEBUG=1",
					"$(inherited)",
				);
				GCC_WARN_64_TO_32_BIT_CONVERSION = YES;
				GCC_WARN_ABOUT_RETURN_TYPE = YES_ERROR;
				GCC_WARN_UNDECLARED_SELECTOR = YES;
				GCC_WARN_UNINITIALIZED_AUTOS = YES_AGGRESSIVE;
				GCC_WARN_UNUSED_FUNCTION = YES;
				GCC_WARN_UNUSED_VARIABLE = YES;
				MACOSX_DEPLOYMENT_TARGET = 10.13;
				MTL_ENABLE_DEBUG_INFO = YES;
				ONLY_ACTIVE_ARCH = YES;
				SDKROOT = macosx;
			};
			name = Debug;
		};
		3A870CDB1F7A010000D6DA30 /* Release */ = {
			isa = XCBuildConfiguration;
			buildSettings = {
				ALWAYS_SEARCH_USER_PATHS = NO;
				CLANG_ANALYZER_NONNULL = YES;
				CLANG_ANALYZER_NUMBER_OBJECT_CONVERSION = YES_AGGRESSIVE;
				CLANG_CXX_LANGUAGE_STANDARD = "gnu++14";
				CLANG_CXX_LIBRARY = "libc++";
				CLANG_ENABLE_MODULES = YES;
				CLANG_ENABLE_OBJC_ARC = YES;
				CLANG_WARN_BLOCK_CAPTURE_AUTORELEASING = YES;
				CLANG_WARN_BOOL_CONVERSION = YES;
				CLANG_WARN_COMMA = YES;
				CLANG_WARN_CONSTANT_CONVERSION = YES;
				CLANG_WARN_DIRECT_OBJC_ISA_USAGE = YES_ERROR;
				CLANG_WARN_DOCUMENTATION_COMMENTS = YES;
				CLANG_WARN_EMPTY_BODY = YES;
				CLANG_WARN_ENUM_CONVERSION = YES;
				CLANG_WARN_INFINITE_RECURSION = YES;
				CLANG_WARN_INT_CONVERSION = YES;
				CLANG_WARN_NON_LITERAL_NULL_CONVERSION = YES;
				CLANG_WARN_OBJC_LITERAL_CONVERSION = YES;
				CLANG_WARN_OBJC_ROOT_CLASS = YES_ERROR;
				CLANG_WARN_RANGE_LOOP_ANALYSIS = YES;
				CLANG_WARN_STRICT_PROTOTYPES = YES;
				CLANG_WARN_SUSPICIOUS_MOVE = YES;
				CLANG_WARN_UNGUARDED_AVAILABILITY = YES_AGGRESSIVE;
				CLANG_WARN_UNREACHABLE_CODE = YES;
				CLANG_WARN__DUPLICATE_METHOD_MATCH = YES;
				CODE_SIGN_IDENTITY = "-";
				COPY_PHASE_STRIP = NO;
				DEBUG_INFORMATION_FORMAT = "dwarf-with-dsym";
				ENABLE_NS_ASSERTIONS = NO;
				ENABLE_STRICT_OBJC_MSGSEND = YES;
				GCC_C_LANGUAGE_STANDARD = gnu11;
				GCC_NO_COMMON_BLOCKS = YES;
				GCC_WARN_64_TO_32_BIT_CONVERSION = YES;
				GCC_WARN_ABOUT_RETURN_TYPE = YES_ERROR;
				GCC_WARN_UNDECLARED_SELECTOR = YES;
				GCC_WARN_UNINITIALIZED_AUTOS = YES_AGGRESSIVE;
				GCC_WARN_UNUSED_FUNCTION = YES;
				GCC_WARN_UNUSED_VARIABLE = YES;
				MACOSX_DEPLOYMENT_TARGET = 10.13;
				MTL_ENABLE_DEBUG_INFO = NO;
				SDKROOT = macosx;
			};
			name = Release;
		};
		3A870CDD1F7A010000D6DA30 /* Debug */ = {
			isa = XCBuildConfiguration;
			buildSettings = {
				CODE_SIGN_STYLE = Automatic;
				PRODUCT_NAME = "$(TARGET_NAME)";
			};
			name = Debug;
		};
		3A870CDE1F7A010000D6DA30 /* Release */ = {
			isa = XCBuildConfiguration;
			buildSettings = {
				CODE_SIGN_STYLE = Automatic;
				PRODUCT_NAME = "$(TARGET_NAME)";
			};
			name = Release;
		};
/* End XCBuildConfiguration section */

/* Begin XCConfigurationList section */
		3A870CD01F7A010000D6DA30 /* Build configuration list for PBXProject "CS554 Project 1" */ = {
			isa = XCConfigurationList;
			buildConfigurations = (
				3A870CDA1F7A010000D6DA30 /* Debug */,
				3A870CDB1F7A010000D6DA30 /* Release */,
			);
			defaultConfigurationIsVisible = 0;
			defaultConfigurationName = Release;
		};
		3A870CDC1F7A010000D6DA30 /* Build configuration list for PBXNativeTarget "CS554 Project 1" */ = {
			isa = XCConfigurationList;
			buildConfigurations = (
				3A870CDD1F7A010000D6DA30 /* Debug */,
				3A870CDE1F7A010000D6DA30 /* Release */,
			);
			defaultConfigurationIsVisible = 0;
			defaultConfigurationName = Release;
		};
/* End XCConfigurationList section */
	};
	rootObject = 3A870CCD1F7A010000D6DA30 /* Project object */;
}
